// !$*UTF8*$!
{
	archiveVersion = 1;
	classes = {
	};
	objectVersion = 48;
	objects = {

/* Begin PBXBuildFile section */
		AA5247B8209B57E100ADF2DA /* AppDelegate.swift in Sources */ = {isa = PBXBuildFile; fileRef = AA5247B7209B57E100ADF2DA /* AppDelegate.swift */; };
		AA5247BA209B57E100ADF2DA /* ViewController.swift in Sources */ = {isa = PBXBuildFile; fileRef = AA5247B9209B57E100ADF2DA /* ViewController.swift */; };
		AA5247BD209B57E100ADF2DA /* Main.storyboard in Resources */ = {isa = PBXBuildFile; fileRef = AA5247BB209B57E100ADF2DA /* Main.storyboard */; };
		AA5247BF209B57E400ADF2DA /* Assets.xcassets in Resources */ = {isa = PBXBuildFile; fileRef = AA5247BE209B57E400ADF2DA /* Assets.xcassets */; };
		AA5247C2209B57E400ADF2DA /* LaunchScreen.storyboard in Resources */ = {isa = PBXBuildFile; fileRef = AA5247C0209B57E400ADF2DA /* LaunchScreen.storyboard */; };
		AA5247CD209B57E400ADF2DA /* CalculatorAppTests.swift in Sources */ = {isa = PBXBuildFile; fileRef = AA5247CC209B57E400ADF2DA /* CalculatorAppTests.swift */; };
		AA5247D8209B57E400ADF2DA /* CalculatorAppUITests.swift in Sources */ = {isa = PBXBuildFile; fileRef = AA5247D7209B57E400ADF2DA /* CalculatorAppUITests.swift */; };
		AA99EE38209BE428001B979D /* Calculate.swift in Sources */ = {isa = PBXBuildFile; fileRef = AA99EE37209BE428001B979D /* Calculate.swift */; };
		AA99EE39209BE5A4001B979D /* Calculate.swift in Sources */ = {isa = PBXBuildFile; fileRef = AA99EE37209BE428001B979D /* Calculate.swift */; };
/* End PBXBuildFile section */

/* Begin PBXContainerItemProxy section */
		AA5247C9209B57E400ADF2DA /* PBXContainerItemProxy */ = {
			isa = PBXContainerItemProxy;
			containerPortal = AA5247AC209B57E100ADF2DA /* Project object */;
			proxyType = 1;
			remoteGlobalIDString = AA5247B3209B57E100ADF2DA;
			remoteInfo = CalculatorApp;
		};
		AA5247D4209B57E400ADF2DA /* PBXContainerItemProxy */ = {
			isa = PBXContainerItemProxy;
			containerPortal = AA5247AC209B57E100ADF2DA /* Project object */;
			proxyType = 1;
			remoteGlobalIDString = AA5247B3209B57E100ADF2DA;
			remoteInfo = CalculatorApp;
		};
/* End PBXContainerItemProxy section */

/* Begin PBXFileReference section */
		AA5247B4209B57E100ADF2DA /* CalculatorApp.app */ = {isa = PBXFileReference; explicitFileType = wrapper.application; includeInIndex = 0; path = CalculatorApp.app; sourceTree = BUILT_PRODUCTS_DIR; };
		AA5247B7209B57E100ADF2DA /* AppDelegate.swift */ = {isa = PBXFileReference; lastKnownFileType = sourcecode.swift; path = AppDelegate.swift; sourceTree = "<group>"; };
		AA5247B9209B57E100ADF2DA /* ViewController.swift */ = {isa = PBXFileReference; lastKnownFileType = sourcecode.swift; path = ViewController.swift; sourceTree = "<group>"; };
		AA5247BC209B57E100ADF2DA /* Base */ = {isa = PBXFileReference; lastKnownFileType = file.storyboard; name = Base; path = Base.lproj/Main.storyboard; sourceTree = "<group>"; };
		AA5247BE209B57E400ADF2DA /* Assets.xcassets */ = {isa = PBXFileReference; lastKnownFileType = folder.assetcatalog; path = Assets.xcassets; sourceTree = "<group>"; };
		AA5247C1209B57E400ADF2DA /* Base */ = {isa = PBXFileReference; lastKnownFileType = file.storyboard; name = Base; path = Base.lproj/LaunchScreen.storyboard; sourceTree = "<group>"; };
		AA5247C3209B57E400ADF2DA /* Info.plist */ = {isa = PBXFileReference; lastKnownFileType = text.plist.xml; path = Info.plist; sourceTree = "<group>"; };
		AA5247C8209B57E400ADF2DA /* CalculatorAppTests.xctest */ = {isa = PBXFileReference; explicitFileType = wrapper.cfbundle; includeInIndex = 0; path = CalculatorAppTests.xctest; sourceTree = BUILT_PRODUCTS_DIR; };
		AA5247CC209B57E400ADF2DA /* CalculatorAppTests.swift */ = {isa = PBXFileReference; lastKnownFileType = sourcecode.swift; path = CalculatorAppTests.swift; sourceTree = "<group>"; };
		AA5247CE209B57E400ADF2DA /* Info.plist */ = {isa = PBXFileReference; lastKnownFileType = text.plist.xml; path = Info.plist; sourceTree = "<group>"; };
		AA5247D3209B57E400ADF2DA /* CalculatorAppUITests.xctest */ = {isa = PBXFileReference; explicitFileType = wrapper.cfbundle; includeInIndex = 0; path = CalculatorAppUITests.xctest; sourceTree = BUILT_PRODUCTS_DIR; };
		AA5247D7209B57E400ADF2DA /* CalculatorAppUITests.swift */ = {isa = PBXFileReference; lastKnownFileType = sourcecode.swift; path = CalculatorAppUITests.swift; sourceTree = "<group>"; };
		AA5247D9209B57E400ADF2DA /* Info.plist */ = {isa = PBXFileReference; lastKnownFileType = text.plist.xml; path = Info.plist; sourceTree = "<group>"; };
		AA99EE37209BE428001B979D /* Calculate.swift */ = {isa = PBXFileReference; lastKnownFileType = sourcecode.swift; path = Calculate.swift; sourceTree = "<group>"; };
/* End PBXFileReference section */

/* Begin PBXFrameworksBuildPhase section */
		AA5247B1209B57E100ADF2DA /* Frameworks */ = {
			isa = PBXFrameworksBuildPhase;
			buildActionMask = 2147483647;
			files = (
			);
			runOnlyForDeploymentPostprocessing = 0;
		};
		AA5247C5209B57E400ADF2DA /* Frameworks */ = {
			isa = PBXFrameworksBuildPhase;
			buildActionMask = 2147483647;
			files = (
			);
			runOnlyForDeploymentPostprocessing = 0;
		};
		AA5247D0209B57E400ADF2DA /* Frameworks */ = {
			isa = PBXFrameworksBuildPhase;
			buildActionMask = 2147483647;
			files = (
			);
			runOnlyForDeploymentPostprocessing = 0;
		};
/* End PBXFrameworksBuildPhase section */

/* Begin PBXGroup section */
		AA5247AB209B57E100ADF2DA = {
			isa = PBXGroup;
			children = (
				AA5247B6209B57E100ADF2DA /* CalculatorApp */,
				AA5247CB209B57E400ADF2DA /* CalculatorAppTests */,
				AA5247D6209B57E400ADF2DA /* CalculatorAppUITests */,
				AA5247B5209B57E100ADF2DA /* Products */,
			);
			sourceTree = "<group>";
		};
		AA5247B5209B57E100ADF2DA /* Products */ = {
			isa = PBXGroup;
			children = (
				AA5247B4209B57E100ADF2DA /* CalculatorApp.app */,
				AA5247C8209B57E400ADF2DA /* CalculatorAppTests.xctest */,
				AA5247D3209B57E400ADF2DA /* CalculatorAppUITests.xctest */,
			);
			name = Products;
			sourceTree = "<group>";
		};
		AA5247B6209B57E100ADF2DA /* CalculatorApp */ = {
			isa = PBXGroup;
			children = (
				AA5247B7209B57E100ADF2DA /* AppDelegate.swift */,
				AA5247B9209B57E100ADF2DA /* ViewController.swift */,
				AA5247BB209B57E100ADF2DA /* Main.storyboard */,
				AA5247BE209B57E400ADF2DA /* Assets.xcassets */,
				AA5247C0209B57E400ADF2DA /* LaunchScreen.storyboard */,
				AA5247C3209B57E400ADF2DA /* Info.plist */,
				AA99EE37209BE428001B979D /* Calculate.swift */,
			);
			path = CalculatorApp;
			sourceTree = "<group>";
		};
		AA5247CB209B57E400ADF2DA /* CalculatorAppTests */ = {
			isa = PBXGroup;
			children = (
				AA5247CC209B57E400ADF2DA /* CalculatorAppTests.swift */,
				AA5247CE209B57E400ADF2DA /* Info.plist */,
			);
			path = CalculatorAppTests;
			sourceTree = "<group>";
		};
		AA5247D6209B57E400ADF2DA /* CalculatorAppUITests */ = {
			isa = PBXGroup;
			children = (
				AA5247D7209B57E400ADF2DA /* CalculatorAppUITests.swift */,
				AA5247D9209B57E400ADF2DA /* Info.plist */,
			);
			path = CalculatorAppUITests;
			sourceTree = "<group>";
		};
/* End PBXGroup section */

/* Begin PBXNativeTarget section */
		AA5247B3209B57E100ADF2DA /* CalculatorApp */ = {
			isa = PBXNativeTarget;
			buildConfigurationList = AA5247DC209B57E400ADF2DA /* Build configuration list for PBXNativeTarget "CalculatorApp" */;
			buildPhases = (
				AA5247B0209B57E100ADF2DA /* Sources */,
				AA5247B1209B57E100ADF2DA /* Frameworks */,
				AA5247B2209B57E100ADF2DA /* Resources */,
			);
			buildRules = (
			);
			dependencies = (
			);
			name = CalculatorApp;
			productName = CalculatorApp;
			productReference = AA5247B4209B57E100ADF2DA /* CalculatorApp.app */;
			productType = "com.apple.product-type.application";
		};
		AA5247C7209B57E400ADF2DA /* CalculatorAppTests */ = {
			isa = PBXNativeTarget;
			buildConfigurationList = AA5247DF209B57E400ADF2DA /* Build configuration list for PBXNativeTarget "CalculatorAppTests" */;
			buildPhases = (
				AA5247C4209B57E400ADF2DA /* Sources */,
				AA5247C5209B57E400ADF2DA /* Frameworks */,
				AA5247C6209B57E400ADF2DA /* Resources */,
			);
			buildRules = (
			);
			dependencies = (
				AA5247CA209B57E400ADF2DA /* PBXTargetDependency */,
			);
			name = CalculatorAppTests;
			productName = CalculatorAppTests;
			productReference = AA5247C8209B57E400ADF2DA /* CalculatorAppTests.xctest */;
			productType = "com.apple.product-type.bundle.unit-test";
		};
		AA5247D2209B57E400ADF2DA /* CalculatorAppUITests */ = {
			isa = PBXNativeTarget;
			buildConfigurationList = AA5247E2209B57E400ADF2DA /* Build configuration list for PBXNativeTarget "CalculatorAppUITests" */;
			buildPhases = (
				AA5247CF209B57E400ADF2DA /* Sources */,
				AA5247D0209B57E400ADF2DA /* Frameworks */,
				AA5247D1209B57E400ADF2DA /* Resources */,
			);
			buildRules = (
			);
			dependencies = (
				AA5247D5209B57E400ADF2DA /* PBXTargetDependency */,
			);
			name = CalculatorAppUITests;
			productName = CalculatorAppUITests;
			productReference = AA5247D3209B57E400ADF2DA /* CalculatorAppUITests.xctest */;
			productType = "com.apple.product-type.bundle.ui-testing";
		};
/* End PBXNativeTarget section */

/* Begin PBXProject section */
		AA5247AC209B57E100ADF2DA /* Project object */ = {
			isa = PBXProject;
			attributes = {
				LastSwiftUpdateCheck = 0930;
				LastUpgradeCheck = 0930;
				ORGANIZATIONNAME = "Tuan SPK";
				TargetAttributes = {
					AA5247B3209B57E100ADF2DA = {
						CreatedOnToolsVersion = 9.3;
						ProvisioningStyle = Automatic;
					};
					AA5247C7209B57E400ADF2DA = {
						CreatedOnToolsVersion = 9.3;
						ProvisioningStyle = Automatic;
						TestTargetID = AA5247B3209B57E100ADF2DA;
					};
					AA5247D2209B57E400ADF2DA = {
						CreatedOnToolsVersion = 9.3;
						ProvisioningStyle = Automatic;
						TestTargetID = AA5247B3209B57E100ADF2DA;
					};
				};
			};
			buildConfigurationList = AA5247AF209B57E100ADF2DA /* Build configuration list for PBXProject "CalculatorApp" */;
			compatibilityVersion = "Xcode 8.0";
			developmentRegion = en;
			hasScannedForEncodings = 0;
			knownRegions = (
				en,
				Base,
			);
			mainGroup = AA5247AB209B57E100ADF2DA;
			productRefGroup = AA5247B5209B57E100ADF2DA /* Products */;
			projectDirPath = "";
			projectRoot = "";
			targets = (
				AA5247B3209B57E100ADF2DA /* CalculatorApp */,
				AA5247C7209B57E400ADF2DA /* CalculatorAppTests */,
				AA5247D2209B57E400ADF2DA /* CalculatorAppUITests */,
			);
		};
/* End PBXProject section */

/* Begin PBXResourcesBuildPhase section */
		AA5247B2209B57E100ADF2DA /* Resources */ = {
			isa = PBXResourcesBuildPhase;
			buildActionMask = 2147483647;
			files = (
				AA5247C2209B57E400ADF2DA /* LaunchScreen.storyboard in Resources */,
				AA5247BF209B57E400ADF2DA /* Assets.xcassets in Resources */,
				AA5247BD209B57E100ADF2DA /* Main.storyboard in Resources */,
			);
			runOnlyForDeploymentPostprocessing = 0;
		};
		AA5247C6209B57E400ADF2DA /* Resources */ = {
			isa = PBXResourcesBuildPhase;
			buildActionMask = 2147483647;
			files = (
			);
			runOnlyForDeploymentPostprocessing = 0;
		};
		AA5247D1209B57E400ADF2DA /* Resources */ = {
			isa = PBXResourcesBuildPhase;
			buildActionMask = 2147483647;
			files = (
			);
			runOnlyForDeploymentPostprocessing = 0;
		};
/* End PBXResourcesBuildPhase section */

/* Begin PBXSourcesBuildPhase section */
		AA5247B0209B57E100ADF2DA /* Sources */ = {
			isa = PBXSourcesBuildPhase;
			buildActionMask = 2147483647;
			files = (
				AA99EE38209BE428001B979D /* Calculate.swift in Sources */,
				AA5247BA209B57E100ADF2DA /* ViewController.swift in Sources */,
				AA5247B8209B57E100ADF2DA /* AppDelegate.swift in Sources */,
			);
			runOnlyForDeploymentPostprocessing = 0;
		};
		AA5247C4209B57E400ADF2DA /* Sources */ = {
			isa = PBXSourcesBuildPhase;
			buildActionMask = 2147483647;
			files = (
				AA5247CD209B57E400ADF2DA /* CalculatorAppTests.swift in Sources */,
			);
			runOnlyForDeploymentPostprocessing = 0;
		};
		AA5247CF209B57E400ADF2DA /* Sources */ = {
			isa = PBXSourcesBuildPhase;
			buildActionMask = 2147483647;
			files = (
				AA99EE39209BE5A4001B979D /* Calculate.swift in Sources */,
				AA5247D8209B57E400ADF2DA /* CalculatorAppUITests.swift in Sources */,
			);
			runOnlyForDeploymentPostprocessing = 0;
		};
/* End PBXSourcesBuildPhase section */

/* Begin PBXTargetDependency section */
		AA5247CA209B57E400ADF2DA /* PBXTargetDependency */ = {
			isa = PBXTargetDependency;
			target = AA5247B3209B57E100ADF2DA /* CalculatorApp */;
			targetProxy = AA5247C9209B57E400ADF2DA /* PBXContainerItemProxy */;
		};
		AA5247D5209B57E400ADF2DA /* PBXTargetDependency */ = {
			isa = PBXTargetDependency;
			target = AA5247B3209B57E100ADF2DA /* CalculatorApp */;
			targetProxy = AA5247D4209B57E400ADF2DA /* PBXContainerItemProxy */;
		};
/* End PBXTargetDependency section */

/* Begin PBXVariantGroup section */
		AA5247BB209B57E100ADF2DA /* Main.storyboard */ = {
			isa = PBXVariantGroup;
			children = (
				AA5247BC209B57E100ADF2DA /* Base */,
			);
			name = Main.storyboard;
			sourceTree = "<group>";
		};
		AA5247C0209B57E400ADF2DA /* LaunchScreen.storyboard */ = {
			isa = PBXVariantGroup;
			children = (
				AA5247C1209B57E400ADF2DA /* Base */,
			);
			name = LaunchScreen.storyboard;
			sourceTree = "<group>";
		};
/* End PBXVariantGroup section */

/* Begin XCBuildConfiguration section */
		AA5247DA209B57E400ADF2DA /* Debug */ = {
			isa = XCBuildConfiguration;
			buildSettings = {
				ALWAYS_SEARCH_USER_PATHS = NO;
				CLANG_ANALYZER_NONNULL = YES;
				CLANG_ANALYZER_NUMBER_OBJECT_CONVERSION = YES_AGGRESSIVE;
				CLANG_CXX_LANGUAGE_STANDARD = "gnu++14";
				CLANG_CXX_LIBRARY = "libc++";
				CLANG_ENABLE_MODULES = YES;
				CLANG_ENABLE_OBJC_ARC = YES;
				CLANG_ENABLE_OBJC_WEAK = YES;
				CLANG_WARN_BLOCK_CAPTURE_AUTORELEASING = YES;
				CLANG_WARN_BOOL_CONVERSION = YES;
				CLANG_WARN_COMMA = YES;
				CLANG_WARN_CONSTANT_CONVERSION = YES;
				CLANG_WARN_DEPRECATED_OBJC_IMPLEMENTATIONS = YES;
				CLANG_WARN_DIRECT_OBJC_ISA_USAGE = YES_ERROR;
				CLANG_WARN_DOCUMENTATION_COMMENTS = YES;
				CLANG_WARN_EMPTY_BODY = YES;
				CLANG_WARN_ENUM_CONVERSION = YES;
				CLANG_WARN_INFINITE_RECURSION = YES;
				CLANG_WARN_INT_CONVERSION = YES;
				CLANG_WARN_NON_LITERAL_NULL_CONVERSION = YES;
				CLANG_WARN_OBJC_IMPLICIT_RETAIN_SELF = YES;
				CLANG_WARN_OBJC_LITERAL_CONVERSION = YES;
				CLANG_WARN_OBJC_ROOT_CLASS = YES_ERROR;
				CLANG_WARN_RANGE_LOOP_ANALYSIS = YES;
				CLANG_WARN_STRICT_PROTOTYPES = YES;
				CLANG_WARN_SUSPICIOUS_MOVE = YES;
				CLANG_WARN_UNGUARDED_AVAILABILITY = YES_AGGRESSIVE;
				CLANG_WARN_UNREACHABLE_CODE = YES;
				CLANG_WARN__DUPLICATE_METHOD_MATCH = YES;
				CODE_SIGN_IDENTITY = "iPhone Developer";
				COPY_PHASE_STRIP = NO;
				DEBUG_INFORMATION_FORMAT = dwarf;
				ENABLE_STRICT_OBJC_MSGSEND = YES;
				ENABLE_TESTABILITY = YES;
				GCC_C_LANGUAGE_STANDARD = gnu11;
				GCC_DYNAMIC_NO_PIC = NO;
				GCC_NO_COMMON_BLOCKS = YES;
				GCC_OPTIMIZATION_LEVEL = 0;
				GCC_PREPROCESSOR_DEFINITIONS = (
					"DEBUG=1",
					"$(inherited)",
				);
				GCC_WARN_64_TO_32_BIT_CONVERSION = YES;
				GCC_WARN_ABOUT_RETURN_TYPE = YES_ERROR;
				GCC_WARN_UNDECLARED_SELECTOR = YES;
				GCC_WARN_UNINITIALIZED_AUTOS = YES_AGGRESSIVE;
				GCC_WARN_UNUSED_FUNCTION = YES;
				GCC_WARN_UNUSED_VARIABLE = YES;
				IPHONEOS_DEPLOYMENT_TARGET = 11.3;
				MTL_ENABLE_DEBUG_INFO = YES;
				ONLY_ACTIVE_ARCH = YES;
				SDKROOT = iphoneos;
				SWIFT_ACTIVE_COMPILATION_CONDITIONS = DEBUG;
				SWIFT_OPTIMIZATION_LEVEL = "-Onone";
			};
			name = Debug;
		};
		AA5247DB209B57E400ADF2DA /* Release */ = {
			isa = XCBuildConfiguration;
			buildSettings = {
				ALWAYS_SEARCH_USER_PATHS = NO;
				CLANG_ANALYZER_NONNULL = YES;
				CLANG_ANALYZER_NUMBER_OBJECT_CONVERSION = YES_AGGRESSIVE;
				CLANG_CXX_LANGUAGE_STANDARD = "gnu++14";
				CLANG_CXX_LIBRARY = "libc++";
				CLANG_ENABLE_MODULES = YES;
				CLANG_ENABLE_OBJC_ARC = YES;
				CLANG_ENABLE_OBJC_WEAK = YES;
				CLANG_WARN_BLOCK_CAPTURE_AUTORELEASING = YES;
				CLANG_WARN_BOOL_CONVERSION = YES;
				CLANG_WARN_COMMA = YES;
				CLANG_WARN_CONSTANT_CONVERSION = YES;
				CLANG_WARN_DEPRECATED_OBJC_IMPLEMENTATIONS = YES;
				CLANG_WARN_DIRECT_OBJC_ISA_USAGE = YES_ERROR;
				CLANG_WARN_DOCUMENTATION_COMMENTS = YES;
				CLANG_WARN_EMPTY_BODY = YES;
				CLANG_WARN_ENUM_CONVERSION = YES;
				CLANG_WARN_INFINITE_RECURSION = YES;
				CLANG_WARN_INT_CONVERSION = YES;
				CLANG_WARN_NON_LITERAL_NULL_CONVERSION = YES;
				CLANG_WARN_OBJC_IMPLICIT_RETAIN_SELF = YES;
				CLANG_WARN_OBJC_LITERAL_CONVERSION = YES;
				CLANG_WARN_OBJC_ROOT_CLASS = YES_ERROR;
				CLANG_WARN_RANGE_LOOP_ANALYSIS = YES;
				CLANG_WARN_STRICT_PROTOTYPES = YES;
				CLANG_WARN_SUSPICIOUS_MOVE = YES;
				CLANG_WARN_UNGUARDED_AVAILABILITY = YES_AGGRESSIVE;
				CLANG_WARN_UNREACHABLE_CODE = YES;
				CLANG_WARN__DUPLICATE_METHOD_MATCH = YES;
				CODE_SIGN_IDENTITY = "iPhone Developer";
				COPY_PHASE_STRIP = NO;
				DEBUG_INFORMATION_FORMAT = "dwarf-with-dsym";
				ENABLE_NS_ASSERTIONS = NO;
				ENABLE_STRICT_OBJC_MSGSEND = YES;
				GCC_C_LANGUAGE_STANDARD = gnu11;
				GCC_NO_COMMON_BLOCKS = YES;
				GCC_WARN_64_TO_32_BIT_CONVERSION = YES;
				GCC_WARN_ABOUT_RETURN_TYPE = YES_ERROR;
				GCC_WARN_UNDECLARED_SELECTOR = YES;
				GCC_WARN_UNINITIALIZED_AUTOS = YES_AGGRESSIVE;
				GCC_WARN_UNUSED_FUNCTION = YES;
				GCC_WARN_UNUSED_VARIABLE = YES;
				IPHONEOS_DEPLOYMENT_TARGET = 11.3;
				MTL_ENABLE_DEBUG_INFO = NO;
				SDKROOT = iphoneos;
				SWIFT_OPTIMIZATION_LEVEL = "-Owholemodule";
				VALIDATE_PRODUCT = YES;
			};
			name = Release;
		};
		AA5247DD209B57E400ADF2DA /* Debug */ = {
			isa = XCBuildConfiguration;
			buildSettings = {
				ASSETCATALOG_COMPILER_APPICON_NAME = AppIcon;
				CODE_SIGN_STYLE = Automatic;
				INFOPLIST_FILE = CalculatorApp/Info.plist;
				IPHONEOS_DEPLOYMENT_TARGET = 10.3;
				LD_RUNPATH_SEARCH_PATHS = "$(inherited) @executable_path/Frameworks";
				PRODUCT_BUNDLE_IDENTIFIER = tuanspk.CalculatorApp;
				PRODUCT_NAME = "$(TARGET_NAME)";
				SWIFT_VERSION = 3.0;
				TARGETED_DEVICE_FAMILY = "1,2";
			};
			name = Debug;
		};
		AA5247DE209B57E400ADF2DA /* Release */ = {
			isa = XCBuildConfiguration;
			buildSettings = {
				ASSETCATALOG_COMPILER_APPICON_NAME = AppIcon;
				CODE_SIGN_STYLE = Automatic;
				INFOPLIST_FILE = CalculatorApp/Info.plist;
				IPHONEOS_DEPLOYMENT_TARGET = 10.3;
				LD_RUNPATH_SEARCH_PATHS = "$(inherited) @executable_path/Frameworks";
				PRODUCT_BUNDLE_IDENTIFIER = tuanspk.CalculatorApp;
				PRODUCT_NAME = "$(TARGET_NAME)";
				SWIFT_VERSION = 3.0;
				TARGETED_DEVICE_FAMILY = "1,2";
			};
			name = Release;
		};
		AA5247E0209B57E400ADF2DA /* Debug */ = {
			isa = XCBuildConfiguration;
			buildSettings = {
				ALWAYS_EMBED_SWIFT_STANDARD_LIBRARIES = YES;
				BUNDLE_LOADER = "$(TEST_HOST)";
				CODE_SIGN_STYLE = Automatic;
				INFOPLIST_FILE = CalculatorAppTests/Info.plist;
				LD_RUNPATH_SEARCH_PATHS = "$(inherited) @executable_path/Frameworks @loader_path/Frameworks";
				PRODUCT_BUNDLE_IDENTIFIER = tuanspk.CalculatorAppTests;
				PRODUCT_NAME = "$(TARGET_NAME)";
				SWIFT_VERSION = 4.0;
				TARGETED_DEVICE_FAMILY = "1,2";
				TEST_HOST = "$(BUILT_PRODUCTS_DIR)/CalculatorApp.app/CalculatorApp";
			};
			name = Debug;
		};
		AA5247E1209B57E400ADF2DA /* Release */ = {
			isa = XCBuildConfiguration;
			buildSettings = {
				ALWAYS_EMBED_SWIFT_STANDARD_LIBRARIES = YES;
				BUNDLE_LOADER = "$(TEST_HOST)";
				CODE_SIGN_STYLE = Automatic;
				INFOPLIST_FILE = CalculatorAppTests/Info.plist;
				LD_RUNPATH_SEARCH_PATHS = "$(inherited) @executable_path/Frameworks @loader_path/Frameworks";
				PRODUCT_BUNDLE_IDENTIFIER = tuanspk.CalculatorAppTests;
				PRODUCT_NAME = "$(TARGET_NAME)";
				SWIFT_VERSION = 4.0;
				TARGETED_DEVICE_FAMILY = "1,2";
				TEST_HOST = "$(BUILT_PRODUCTS_DIR)/CalculatorApp.app/CalculatorApp";
			};
			name = Release;
		};
		AA5247E3209B57E400ADF2DA /* Debug */ = {
			isa = XCBuildConfiguration;
			buildSettings = {
				ALWAYS_EMBED_SWIFT_STANDARD_LIBRARIES = YES;
				CODE_SIGN_STYLE = Automatic;
				INFOPLIST_FILE = CalculatorAppUITests/Info.plist;
				LD_RUNPATH_SEARCH_PATHS = "$(inherited) @executable_path/Frameworks @loader_path/Frameworks";
				PRODUCT_BUNDLE_IDENTIFIER = tuanspk.CalculatorAppUITests;
				PRODUCT_NAME = "$(TARGET_NAME)";
				SWIFT_VERSION = 4.0;
				TARGETED_DEVICE_FAMILY = "1,2";
				TEST_TARGET_NAME = CalculatorApp;
			};
			name = Debug;
		};
		AA5247E4209B57E400ADF2DA /* Release */ = {
			isa = XCBuildConfiguration;
			buildSettings = {
				ALWAYS_EMBED_SWIFT_STANDARD_LIBRARIES = YES;
				CODE_SIGN_STYLE = Automatic;
				INFOPLIST_FILE = CalculatorAppUITests/Info.plist;
				LD_RUNPATH_SEARCH_PATHS = "$(inherited) @executable_path/Frameworks @loader_path/Frameworks";
				PRODUCT_BUNDLE_IDENTIFIER = tuanspk.CalculatorAppUITests;
				PRODUCT_NAME = "$(TARGET_NAME)";
				SWIFT_VERSION = 4.0;
				TARGETED_DEVICE_FAMILY = "1,2";
				TEST_TARGET_NAME = CalculatorApp;
			};
			name = Release;
		};
/* End XCBuildConfiguration section */

/* Begin XCConfigurationList section */
		AA5247AF209B57E100ADF2DA /* Build configuration list for PBXProject "CalculatorApp" */ = {
			isa = XCConfigurationList;
			buildConfigurations = (
				AA5247DA209B57E400ADF2DA /* Debug */,
				AA5247DB209B57E400ADF2DA /* Release */,
			);
			defaultConfigurationIsVisible = 0;
			defaultConfigurationName = Release;
		};
		AA5247DC209B57E400ADF2DA /* Build configuration list for PBXNativeTarget "CalculatorApp" */ = {
			isa = XCConfigurationList;
			buildConfigurations = (
				AA5247DD209B57E400ADF2DA /* Debug */,
				AA5247DE209B57E400ADF2DA /* Release */,
			);
			defaultConfigurationIsVisible = 0;
			defaultConfigurationName = Release;
		};
		AA5247DF209B57E400ADF2DA /* Build configuration list for PBXNativeTarget "CalculatorAppTests" */ = {
			isa = XCConfigurationList;
			buildConfigurations = (
				AA5247E0209B57E400ADF2DA /* Debug */,
				AA5247E1209B57E400ADF2DA /* Release */,
			);
			defaultConfigurationIsVisible = 0;
			defaultConfigurationName = Release;
		};
		AA5247E2209B57E400ADF2DA /* Build configuration list for PBXNativeTarget "CalculatorAppUITests" */ = {
			isa = XCConfigurationList;
			buildConfigurations = (
				AA5247E3209B57E400ADF2DA /* Debug */,
				AA5247E4209B57E400ADF2DA /* Release */,
			);
			defaultConfigurationIsVisible = 0;
			defaultConfigurationName = Release;
		};
/* End XCConfigurationList section */
	};
	rootObject = AA5247AC209B57E100ADF2DA /* Project object */;
}
